
Microsoft Visual Studio Solution File, Format Version 12.00
# Visual Studio Version 16
VisualStudioVersion = 16.0.29509.3
MinimumVisualStudioVersion = 10.0.40219.1
Project("{FAE04EC0-301F-11D3-BF4B-00C04F79EFBC}") = "Hello", "Hello\Hello.csproj", "{D0E03762-13B0-4FB5-8772-4FC28CA75292}"
EndProject
Project("{FAE04EC0-301F-11D3-BF4B-00C04F79EFBC}") = "StudentDiary", "StrudentDiary\StudentDiary.csproj", "{B213EB02-5104-45AA-BC9B-7D7A9AB79AC6}"
EndProject
Project("{FAE04EC0-301F-11D3-BF4B-00C04F79EFBC}") = "Constructors", "Constructors\Constructors.csproj", "{60C18F2F-6551-4570-BB10-B5BC72C50E5C}"
EndProject
Project("{FAE04EC0-301F-11D3-BF4B-00C04F79EFBC}") = "Class-variable - theory", "Class-variable - theory\Class-variable - theory.csproj", "{620A974A-4435-4805-9C8D-5CDD59D5DAE3}"
EndProject
Global
	GlobalSection(SolutionConfigurationPlatforms) = preSolution
		Debug|Any CPU = Debug|Any CPU
		Release|Any CPU = Release|Any CPU
	EndGlobalSection
	GlobalSection(ProjectConfigurationPlatforms) = postSolution
		{D0E03762-13B0-4FB5-8772-4FC28CA75292}.Debug|Any CPU.ActiveCfg = Debug|Any CPU
		{D0E03762-13B0-4FB5-8772-4FC28CA75292}.Debug|Any CPU.Build.0 = Debug|Any CPU
		{D0E03762-13B0-4FB5-8772-4FC28CA75292}.Release|Any CPU.ActiveCfg = Release|Any CPU
		{D0E03762-13B0-4FB5-8772-4FC28CA75292}.Release|Any CPU.Build.0 = Release|Any CPU
		{B213EB02-5104-45AA-BC9B-7D7A9AB79AC6}.Debug|Any CPU.ActiveCfg = Debug|Any CPU
		{B213EB02-5104-45AA-BC9B-7D7A9AB79AC6}.Debug|Any CPU.Build.0 = Debug|Any CPU
		{B213EB02-5104-45AA-BC9B-7D7A9AB79AC6}.Release|Any CPU.ActiveCfg = Release|Any CPU
		{B213EB02-5104-45AA-BC9B-7D7A9AB79AC6}.Release|Any CPU.Build.0 = Release|Any CPU
		{60C18F2F-6551-4570-BB10-B5BC72C50E5C}.Debug|Any CPU.ActiveCfg = Debug|Any CPU
		{60C18F2F-6551-4570-BB10-B5BC72C50E5C}.Debug|Any CPU.Build.0 = Debug|Any CPU
		{60C18F2F-6551-4570-BB10-B5BC72C50E5C}.Release|Any CPU.ActiveCfg = Release|Any CPU
		{60C18F2F-6551-4570-BB10-B5BC72C50E5C}.Release|Any CPU.Build.0 = Release|Any CPU
		{620A974A-4435-4805-9C8D-5CDD59D5DAE3}.Debug|Any CPU.ActiveCfg = Debug|Any CPU
		{620A974A-4435-4805-9C8D-5CDD59D5DAE3}.Debug|Any CPU.Build.0 = Debug|Any CPU
		{620A974A-4435-4805-9C8D-5CDD59D5DAE3}.Release|Any CPU.ActiveCfg = Release|Any CPU
		{620A974A-4435-4805-9C8D-5CDD59D5DAE3}.Release|Any CPU.Build.0 = Release|Any CPU
	EndGlobalSection
	GlobalSection(SolutionProperties) = preSolution
		HideSolutionNode = FALSE
	EndGlobalSection
	GlobalSection(ExtensibilityGlobals) = postSolution
		SolutionGuid = {E38618D9-C51C-437A-A420-C408F8DC4688}
	EndGlobalSection
EndGlobal
